// !$*UTF8*$!
{
	archiveVersion = 1;
	classes = {
	};
	objectVersion = 77;
	objects = {

/* Begin PBXBuildFile section */
		354DD8012F7BCD78002329C8 /* Kingfisher in Frameworks */ = {isa = PBXBuildFile; productRef = 354DD8002F7BCD78002329C8 /* Kingfisher */; };
		354DD88F2F7E8AA4002329C8 /* GalleryDataModel.xcdatamodeld in Sources */ = {isa = PBXBuildFile; fileRef = 354DD88D2F7E8AA4002329C8 /* GalleryDataModel.xcdatamodeld */; };
/* End PBXBuildFile section */

/* Begin PBXContainerItemProxy section */
		355F068E2F73DE2600050A1E /* PBXContainerItemProxy */ = {
			isa = PBXContainerItemProxy;
			containerPortal = 355F066F2F73DE2400050A1E /* Project object */;
			proxyType = 1;
			remoteGlobalIDString = 355F06762F73DE2400050A1E;
			remoteInfo = GalleryApp;
		};
		355F06982F73DE2600050A1E /* PBXContainerItemProxy */ = {
			isa = PBXContainerItemProxy;
			containerPortal = 355F066F2F73DE2400050A1E /* Project object */;
			proxyType = 1;
			remoteGlobalIDString = 355F06762F73DE2400050A1E;
			remoteInfo = GalleryApp;
		};
		355F07822F753BDF00050A1E /* PBXContainerItemProxy */ = {
			isa = PBXContainerItemProxy;
			containerPortal = 355F066F2F73DE2400050A1E /* Project object */;
			proxyType = 1;
			remoteGlobalIDString = 355F06762F73DE2400050A1E;
			remoteInfo = GalleryApp;
		};
		355F078F2F753D7600050A1E /* PBXContainerItemProxy */ = {
			isa = PBXContainerItemProxy;
			containerPortal = 355F066F2F73DE2400050A1E /* Project object */;
			proxyType = 1;
			remoteGlobalIDString = 355F06762F73DE2400050A1E;
			remoteInfo = GalleryApp;
		};
/* End PBXContainerItemProxy section */

/* Begin PBXFileReference section */
		354DD88E2F7E8AA4002329C8 /* GalleryDataModel.xcdatamodel */ = {isa = PBXFileReference; lastKnownFileType = wrapper.xcdatamodel; path = GalleryDataModel.xcdatamodel; sourceTree = "<group>"; };
		355F06772F73DE2400050A1E /* GalleryApp.app */ = {isa = PBXFileReference; explicitFileType = wrapper.application; includeInIndex = 0; path = GalleryApp.app; sourceTree = BUILT_PRODUCTS_DIR; };
		355F068D2F73DE2600050A1E /* GalleryAppTests.xctest */ = {isa = PBXFileReference; explicitFileType = wrapper.cfbundle; includeInIndex = 0; path = GalleryAppTests.xctest; sourceTree = BUILT_PRODUCTS_DIR; };
		355F06972F73DE2600050A1E /* GalleryAppUITests.xctest */ = {isa = PBXFileReference; explicitFileType = wrapper.cfbundle; includeInIndex = 0; path = GalleryAppUITests.xctest; sourceTree = BUILT_PRODUCTS_DIR; };
		355F077E2F753BDF00050A1E /* WeatherAppTests.xctest */ = {isa = PBXFileReference; explicitFileType = wrapper.cfbundle; includeInIndex = 0; path = WeatherAppTests.xctest; sourceTree = BUILT_PRODUCTS_DIR; };
		355F078B2F753D7600050A1E /* GalleryAppTest.xctest */ = {isa = PBXFileReference; explicitFileType = wrapper.cfbundle; includeInIndex = 0; path = GalleryAppTest.xctest; sourceTree = BUILT_PRODUCTS_DIR; };
/* End PBXFileReference section */

/* Begin PBXFileSystemSynchronizedBuildFileExceptionSet section */
		355F069F2F73DE2600050A1E /* Exceptions for "GalleryApp" folder in "GalleryApp" target */ = {
			isa = PBXFileSystemSynchronizedBuildFileExceptionSet;
			membershipExceptions = (
				Info.plist,
			);
			target = 355F06762F73DE2400050A1E /* GalleryApp */;
		};
/* End PBXFileSystemSynchronizedBuildFileExceptionSet section */

/* Begin PBXFileSystemSynchronizedRootGroup section */
		355F06792F73DE2400050A1E /* GalleryApp */ = {
			isa = PBXFileSystemSynchronizedRootGroup;
			exceptions = (
				355F069F2F73DE2600050A1E /* Exceptions for "GalleryApp" folder in "GalleryApp" target */,
			);
			path = GalleryApp;
			sourceTree = "<group>";
		};
		355F078C2F753D7600050A1E /* GalleryAppTest */ = {
			isa = PBXFileSystemSynchronizedRootGroup;
			path = GalleryAppTest;
			sourceTree = "<group>";
		};
/* End PBXFileSystemSynchronizedRootGroup section */

/* Begin PBXFrameworksBuildPhase section */
		355F06742F73DE2400050A1E /* Frameworks */ = {
			isa = PBXFrameworksBuildPhase;
			buildActionMask = 2147483647;
			files = (
				354DD8012F7BCD78002329C8 /* Kingfisher in Frameworks */,
			);
			runOnlyForDeploymentPostprocessing = 0;
		};
		355F068A2F73DE2600050A1E /* Frameworks */ = {
			isa = PBXFrameworksBuildPhase;
			buildActionMask = 2147483647;
			files = (
			);
			runOnlyForDeploymentPostprocessing = 0;
		};
		355F06942F73DE2600050A1E /* Frameworks */ = {
			isa = PBXFrameworksBuildPhase;
			buildActionMask = 2147483647;
			files = (
			);
			runOnlyForDeploymentPostprocessing = 0;
		};
		355F077B2F753BDF00050A1E /* Frameworks */ = {
			isa = PBXFrameworksBuildPhase;
			buildActionMask = 2147483647;
			files = (
			);
			runOnlyForDeploymentPostprocessing = 0;
		};
		355F07882F753D7600050A1E /* Frameworks */ = {
			isa = PBXFrameworksBuildPhase;
			buildActionMask = 2147483647;
			files = (
			);
			runOnlyForDeploymentPostprocessing = 0;
		};
/* End PBXFrameworksBuildPhase section */

/* Begin PBXGroup section */
		355F066E2F73DE2400050A1E = {
			isa = PBXGroup;
			children = (
				354DD88D2F7E8AA4002329C8 /* GalleryDataModel.xcdatamodeld */,
				355F06792F73DE2400050A1E /* GalleryApp */,
				355F078C2F753D7600050A1E /* GalleryAppTest */,
				355F06782F73DE2400050A1E /* Products */,
			);
			sourceTree = "<group>";
		};
		355F06782F73DE2400050A1E /* Products */ = {
			isa = PBXGroup;
			children = (
				355F06772F73DE2400050A1E /* GalleryApp.app */,
				355F068D2F73DE2600050A1E /* GalleryAppTests.xctest */,
				355F06972F73DE2600050A1E /* GalleryAppUITests.xctest */,
				355F077E2F753BDF00050A1E /* WeatherAppTests.xctest */,
				355F078B2F753D7600050A1E /* GalleryAppTest.xctest */,
			);
			name = Products;
			sourceTree = "<group>";
		};
/* End PBXGroup section */

/* Begin PBXNativeTarget section */
		355F06762F73DE2400050A1E /* GalleryApp */ = {
			isa = PBXNativeTarget;
			buildConfigurationList = 355F06A02F73DE2600050A1E /* Build configuration list for PBXNativeTarget "GalleryApp" */;
			buildPhases = (
				355F07432F7429D000050A1E /* ShellScript */,
				355F06732F73DE2400050A1E /* Sources */,
				355F06742F73DE2400050A1E /* Frameworks */,
				355F06752F73DE2400050A1E /* Resources */,
			);
			buildRules = (
			);
			dependencies = (
			);
			fileSystemSynchronizedGroups = (
				355F06792F73DE2400050A1E /* GalleryApp */,
			);
			name = GalleryApp;
			packageProductDependencies = (
				354DD8002F7BCD78002329C8 /* Kingfisher */,
			);
			productName = GalleryApp;
			productReference = 355F06772F73DE2400050A1E /* GalleryApp.app */;
			productType = "com.apple.product-type.application";
		};
		355F068C2F73DE2600050A1E /* GalleryAppTests */ = {
			isa = PBXNativeTarget;
			buildConfigurationList = 355F06A52F73DE2600050A1E /* Build configuration list for PBXNativeTarget "GalleryAppTests" */;
			buildPhases = (
				355F06892F73DE2600050A1E /* Sources */,
				355F068A2F73DE2600050A1E /* Frameworks */,
				355F068B2F73DE2600050A1E /* Resources */,
			);
			buildRules = (
			);
			dependencies = (
				355F068F2F73DE2600050A1E /* PBXTargetDependency */,
			);
			name = GalleryAppTests;
			packageProductDependencies = (
			);
			productName = GalleryAppTests;
			productReference = 355F068D2F73DE2600050A1E /* GalleryAppTests.xctest */;
			productType = "com.apple.product-type.bundle.unit-test";
		};
		355F06962F73DE2600050A1E /* GalleryAppUITests */ = {
			isa = PBXNativeTarget;
			buildConfigurationList = 355F06A82F73DE2600050A1E /* Build configuration list for PBXNativeTarget "GalleryAppUITests" */;
			buildPhases = (
				355F06932F73DE2600050A1E /* Sources */,
				355F06942F73DE2600050A1E /* Frameworks */,
				355F06952F73DE2600050A1E /* Resources */,
			);
			buildRules = (
			);
			dependencies = (
				355F06992F73DE2600050A1E /* PBXTargetDependency */,
			);
			name = GalleryAppUITests;
			packageProductDependencies = (
			);
			productName = GalleryAppUITests;
			productReference = 355F06972F73DE2600050A1E /* GalleryAppUITests.xctest */;
			productType = "com.apple.product-type.bundle.ui-testing";
		};
		355F077D2F753BDF00050A1E /* WeatherAppTests */ = {
			isa = PBXNativeTarget;
			buildConfigurationList = 355F07842F753BDF00050A1E /* Build configuration list for PBXNativeTarget "WeatherAppTests" */;
			buildPhases = (
				355F077A2F753BDF00050A1E /* Sources */,
				355F077B2F753BDF00050A1E /* Frameworks */,
				355F077C2F753BDF00050A1E /* Resources */,
			);
			buildRules = (
			);
			dependencies = (
				355F07832F753BDF00050A1E /* PBXTargetDependency */,
			);
			name = WeatherAppTests;
			packageProductDependencies = (
			);
			productName = WeatherAppTests;
			productReference = 355F077E2F753BDF00050A1E /* WeatherAppTests.xctest */;
			productType = "com.apple.product-type.bundle.unit-test";
		};
		355F078A2F753D7600050A1E /* GalleryAppTest */ = {
			isa = PBXNativeTarget;
			buildConfigurationList = 355F07912F753D7600050A1E /* Build configuration list for PBXNativeTarget "GalleryAppTest" */;
			buildPhases = (
				355F07872F753D7600050A1E /* Sources */,
				355F07882F753D7600050A1E /* Frameworks */,
				355F07892F753D7600050A1E /* Resources */,
			);
			buildRules = (
			);
			dependencies = (
				355F07902F753D7600050A1E /* PBXTargetDependency */,
			);
			fileSystemSynchronizedGroups = (
				355F078C2F753D7600050A1E /* GalleryAppTest */,
			);
			name = GalleryAppTest;
			packageProductDependencies = (
			);
			productName = GalleryAppTest;
			productReference = 355F078B2F753D7600050A1E /* GalleryAppTest.xctest */;
			productType = "com.apple.product-type.bundle.unit-test";
		};
/* End PBXNativeTarget section */

/* Begin PBXProject section */
		355F066F2F73DE2400050A1E /* Project object */ = {
			isa = PBXProject;
			attributes = {
				BuildIndependentTargetsInParallel = 1;
				LastSwiftUpdateCheck = 1640;
				LastUpgradeCheck = 1640;
				TargetAttributes = {
					355F06762F73DE2400050A1E = {
						CreatedOnToolsVersion = 16.4;
					};
					355F068C2F73DE2600050A1E = {
						CreatedOnToolsVersion = 16.4;
						TestTargetID = 355F06762F73DE2400050A1E;
					};
					355F06962F73DE2600050A1E = {
						CreatedOnToolsVersion = 16.4;
						TestTargetID = 355F06762F73DE2400050A1E;
					};
					355F077D2F753BDF00050A1E = {
						CreatedOnToolsVersion = 16.4;
						TestTargetID = 355F06762F73DE2400050A1E;
					};
					355F078A2F753D7600050A1E = {
						CreatedOnToolsVersion = 16.4;
						TestTargetID = 355F06762F73DE2400050A1E;
					};
				};
			};
			buildConfigurationList = 355F06722F73DE2400050A1E /* Build configuration list for PBXProject "GalleryApp" */;
			developmentRegion = en;
			hasScannedForEncodings = 0;
			knownRegions = (
				en,
				Base,
			);
			mainGroup = 355F066E2F73DE2400050A1E;
			minimizedProjectReferenceProxies = 1;
			packageReferences = (
				355F07102F74267E00050A1E /* XCRemoteSwiftPackageReference "SwiftLint" */,
				354DD7FF2F7BCD78002329C8 /* XCRemoteSwiftPackageReference "Kingfisher" */,
			);
			preferredProjectObjectVersion = 77;
			productRefGroup = 355F06782F73DE2400050A1E /* Products */;
			projectDirPath = "";
			projectRoot = "";
			targets = (
				355F06762F73DE2400050A1E /* GalleryApp */,
				355F068C2F73DE2600050A1E /* GalleryAppTests */,
				355F06962F73DE2600050A1E /* GalleryAppUITests */,
				355F077D2F753BDF00050A1E /* WeatherAppTests */,
				355F078A2F753D7600050A1E /* GalleryAppTest */,
			);
		};
/* End PBXProject section */

/* Begin PBXResourcesBuildPhase section */
		355F06752F73DE2400050A1E /* Resources */ = {
			isa = PBXResourcesBuildPhase;
			buildActionMask = 2147483647;
			files = (
			);
			runOnlyForDeploymentPostprocessing = 0;
		};
		355F068B2F73DE2600050A1E /* Resources */ = {
			isa = PBXResourcesBuildPhase;
			buildActionMask = 2147483647;
			files = (
			);
			runOnlyForDeploymentPostprocessing = 0;
		};
		355F06952F73DE2600050A1E /* Resources */ = {
			isa = PBXResourcesBuildPhase;
			buildActionMask = 2147483647;
			files = (
			);
			runOnlyForDeploymentPostprocessing = 0;
		};
		355F077C2F753BDF00050A1E /* Resources */ = {
			isa = PBXResourcesBuildPhase;
			buildActionMask = 2147483647;
			files = (
			);
			runOnlyForDeploymentPostprocessing = 0;
		};
		355F07892F753D7600050A1E /* Resources */ = {
			isa = PBXResourcesBuildPhase;
			buildActionMask = 2147483647;
			files = (
			);
			runOnlyForDeploymentPostprocessing = 0;
		};
/* End PBXResourcesBuildPhase section */

/* Begin PBXShellScriptBuildPhase section */
		355F07432F7429D000050A1E /* ShellScript */ = {
			isa = PBXShellScriptBuildPhase;
			buildActionMask = 2147483647;
			files = (
			);
			inputFileListPaths = (
			);
			inputPaths = (
			);
			outputFileListPaths = (
			);
			outputPaths = (
			);
			runOnlyForDeploymentPostprocessing = 0;
			shellPath = /bin/sh;
			shellScript = "# SwiftLint\nif which swiftlint >/dev/null; then\n    swiftlint --config \"${SRCROOT}/.swiftlint.yml\" --quiet\nelse\n    echo \"warning: SwiftLint is not installed. Install with: brew install swiftlint\"\nfi\n";
		};
/* End PBXShellScriptBuildPhase section */

/* Begin PBXSourcesBuildPhase section */
		355F06732F73DE2400050A1E /* Sources */ = {
			isa = PBXSourcesBuildPhase;
			buildActionMask = 2147483647;
			files = (
				354DD88F2F7E8AA4002329C8 /* GalleryDataModel.xcdatamodeld in Sources */,
			);
			runOnlyForDeploymentPostprocessing = 0;
		};
		355F06892F73DE2600050A1E /* Sources */ = {
			isa = PBXSourcesBuildPhase;
			buildActionMask = 2147483647;
			files = (
			);
			runOnlyForDeploymentPostprocessing = 0;
		};
		355F06932F73DE2600050A1E /* Sources */ = {
			isa = PBXSourcesBuildPhase;
			buildActionMask = 2147483647;
			files = (
			);
			runOnlyForDeploymentPostprocessing = 0;
		};
		355F077A2F753BDF00050A1E /* Sources */ = {
			isa = PBXSourcesBuildPhase;
			buildActionMask = 2147483647;
			files = (
			);
			runOnlyForDeploymentPostprocessing = 0;
		};
		355F07872F753D7600050A1E /* Sources */ = {
			isa = PBXSourcesBuildPhase;
			buildActionMask = 2147483647;
			files = (
			);
			runOnlyForDeploymentPostprocessing = 0;
		};
/* End PBXSourcesBuildPhase section */

/* Begin PBXTargetDependency section */
		355F068F2F73DE2600050A1E /* PBXTargetDependency */ = {
			isa = PBXTargetDependency;
			target = 355F06762F73DE2400050A1E /* GalleryApp */;
			targetProxy = 355F068E2F73DE2600050A1E /* PBXContainerItemProxy */;
		};
		355F06992F73DE2600050A1E /* PBXTargetDependency */ = {
			isa = PBXTargetDependency;
			target = 355F06762F73DE2400050A1E /* GalleryApp */;
			targetProxy = 355F06982F73DE2600050A1E /* PBXContainerItemProxy */;
		};
		355F07832F753BDF00050A1E /* PBXTargetDependency */ = {
			isa = PBXTargetDependency;
			target = 355F06762F73DE2400050A1E /* GalleryApp */;
			targetProxy = 355F07822F753BDF00050A1E /* PBXContainerItemProxy */;
		};
		355F07902F753D7600050A1E /* PBXTargetDependency */ = {
			isa = PBXTargetDependency;
			target = 355F06762F73DE2400050A1E /* GalleryApp */;
			targetProxy = 355F078F2F753D7600050A1E /* PBXContainerItemProxy */;
		};
/* End PBXTargetDependency section */

/* Begin XCBuildConfiguration section */
		355F06A12F73DE2600050A1E /* Debug */ = {
			isa = XCBuildConfiguration;
			buildSettings = {
				ASSETCATALOG_COMPILER_APPICON_NAME = AppIcon;
				ASSETCATALOG_COMPILER_GLOBAL_ACCENT_COLOR_NAME = AccentColor;
				CODE_SIGN_STYLE = Automatic;
				CURRENT_PROJECT_VERSION = 1;
				DEVELOPMENT_TEAM = NM9R56YKJ6;
				GENERATE_INFOPLIST_FILE = YES;
				INFOPLIST_FILE = GalleryApp/Info.plist;
				INFOPLIST_KEY_UIApplicationSupportsIndirectInputEvents = YES;
				INFOPLIST_KEY_UILaunchStoryboardName = LaunchScreen;
				INFOPLIST_KEY_UISupportedInterfaceOrientations_iPad = "UIInterfaceOrientationPortrait UIInterfaceOrientationPortraitUpsideDown UIInterfaceOrientationLandscapeLeft UIInterfaceOrientationLandscapeRight";
				INFOPLIST_KEY_UISupportedInterfaceOrientations_iPhone = "UIInterfaceOrientationPortrait UIInterfaceOrientationLandscapeLeft UIInterfaceOrientationLandscapeRight";
				IPHONEOS_DEPLOYMENT_TARGET = 17.0;
				LD_RUNPATH_SEARCH_PATHS = (
					"$(inherited)",
					"@executable_path/Frameworks",
				);
				MARKETING_VERSION = 1.0;
				PRODUCT_BUNDLE_IDENTIFIER = name.dmitry.GalleryApp;
				PRODUCT_NAME = "$(TARGET_NAME)";
				SUPPORTED_PLATFORMS = "iphoneos iphonesimulator";
				SUPPORTS_MACCATALYST = NO;
				SUPPORTS_MAC_DESIGNED_FOR_IPHONE_IPAD = NO;
				SUPPORTS_XR_DESIGNED_FOR_IPHONE_IPAD = NO;
				SWIFT_EMIT_LOC_STRINGS = YES;
				SWIFT_VERSION = 5.0;
				TARGETED_DEVICE_FAMILY = 1;
			};
			name = Debug;
		};
		355F06A22F73DE2600050A1E /* Release */ = {
			isa = XCBuildConfiguration;
			buildSettings = {
				ASSETCATALOG_COMPILER_APPICON_NAME = AppIcon;
				ASSETCATALOG_COMPILER_GLOBAL_ACCENT_COLOR_NAME = AccentColor;
				CODE_SIGN_STYLE = Automatic;
				CURRENT_PROJECT_VERSION = 1;
				DEVELOPMENT_TEAM = NM9R56YKJ6;
				GENERATE_INFOPLIST_FILE = YES;
				INFOPLIST_FILE = GalleryApp/Info.plist;
				INFOPLIST_KEY_UIApplicationSupportsIndirectInputEvents = YES;
				INFOPLIST_KEY_UILaunchStoryboardName = LaunchScreen;
				INFOPLIST_KEY_UISupportedInterfaceOrientations_iPad = "UIInterfaceOrientationPortrait UIInterfaceOrientationPortraitUpsideDown UIInterfaceOrientationLandscapeLeft UIInterfaceOrientationLandscapeRight";
				INFOPLIST_KEY_UISupportedInterfaceOrientations_iPhone = "UIInterfaceOrientationPortrait UIInterfaceOrientationLandscapeLeft UIInterfaceOrientationLandscapeRight";
				IPHONEOS_DEPLOYMENT_TARGET = 17.0;
				LD_RUNPATH_SEARCH_PATHS = (
					"$(inherited)",
					"@executable_path/Frameworks",
				);
				MARKETING_VERSION = 1.0;
				PRODUCT_BUNDLE_IDENTIFIER = name.dmitry.GalleryApp;
				PRODUCT_NAME = "$(TARGET_NAME)";
				SUPPORTED_PLATFORMS = "iphoneos iphonesimulator";
				SUPPORTS_MACCATALYST = NO;
				SUPPORTS_MAC_DESIGNED_FOR_IPHONE_IPAD = NO;
				SUPPORTS_XR_DESIGNED_FOR_IPHONE_IPAD = NO;
				SWIFT_EMIT_LOC_STRINGS = YES;
				SWIFT_VERSION = 5.0;
				TARGETED_DEVICE_FAMILY = 1;
			};
			name = Release;
		};
		355F06A32F73DE2600050A1E /* Debug */ = {
			isa = XCBuildConfiguration;
			buildSettings = {
				ALWAYS_SEARCH_USER_PATHS = NO;
				ASSETCATALOG_COMPILER_GENERATE_SWIFT_ASSET_SYMBOL_EXTENSIONS = YES;
				CLANG_ANALYZER_NONNULL = YES;
				CLANG_ANALYZER_NUMBER_OBJECT_CONVERSION = YES_AGGRESSIVE;
				CLANG_CXX_LANGUAGE_STANDARD = "gnu++20";
				CLANG_ENABLE_MODULES = YES;
				CLANG_ENABLE_OBJC_ARC = YES;
				CLANG_ENABLE_OBJC_WEAK = YES;
				CLANG_WARN_BLOCK_CAPTURE_AUTORELEASING = YES;
				CLANG_WARN_BOOL_CONVERSION = YES;
				CLANG_WARN_COMMA = YES;
				CLANG_WARN_CONSTANT_CONVERSION = YES;
				CLANG_WARN_DEPRECATED_OBJC_IMPLEMENTATIONS = YES;
				CLANG_WARN_DIRECT_OBJC_ISA_USAGE = YES_ERROR;
				CLANG_WARN_DOCUMENTATION_COMMENTS = YES;
				CLANG_WARN_EMPTY_BODY = YES;
				CLANG_WARN_ENUM_CONVERSION = YES;
				CLANG_WARN_INFINITE_RECURSION = YES;
				CLANG_WARN_INT_CONVERSION = YES;
				CLANG_WARN_NON_LITERAL_NULL_CONVERSION = YES;
				CLANG_WARN_OBJC_IMPLICIT_RETAIN_SELF = YES;
				CLANG_WARN_OBJC_LITERAL_CONVERSION = YES;
				CLANG_WARN_OBJC_ROOT_CLASS = YES_ERROR;
				CLANG_WARN_QUOTED_INCLUDE_IN_FRAMEWORK_HEADER = YES;
				CLANG_WARN_RANGE_LOOP_ANALYSIS = YES;
				CLANG_WARN_STRICT_PROTOTYPES = YES;
				CLANG_WARN_SUSPICIOUS_MOVE = YES;
				CLANG_WARN_UNGUARDED_AVAILABILITY = YES_AGGRESSIVE;
				CLANG_WARN_UNREACHABLE_CODE = YES;
				CLANG_WARN__DUPLICATE_METHOD_MATCH = YES;
				COPY_PHASE_STRIP = NO;
				DEBUG_INFORMATION_FORMAT = dwarf;
				DEVELOPMENT_TEAM = NM9R56YKJ6;
				ENABLE_STRICT_OBJC_MSGSEND = YES;
				ENABLE_TESTABILITY = YES;
				ENABLE_USER_SCRIPT_SANDBOXING = YES;
				GCC_C_LANGUAGE_STANDARD = gnu17;
				GCC_DYNAMIC_NO_PIC = NO;
				GCC_NO_COMMON_BLOCKS = YES;
				GCC_OPTIMIZATION_LEVEL = 0;
				GCC_PREPROCESSOR_DEFINITIONS = (
					"DEBUG=1",
					"$(inherited)",
				);
				GCC_WARN_64_TO_32_BIT_CONVERSION = YES;
				GCC_WARN_ABOUT_RETURN_TYPE = YES_ERROR;
				GCC_WARN_UNDECLARED_SELECTOR = YES;
				GCC_WARN_UNINITIALIZED_AUTOS = YES_AGGRESSIVE;
				GCC_WARN_UNUSED_FUNCTION = YES;
				GCC_WARN_UNUSED_VARIABLE = YES;
				IPHONEOS_DEPLOYMENT_TARGET = 18.5;
				LOCALIZATION_PREFERS_STRING_CATALOGS = YES;
				MTL_ENABLE_DEBUG_INFO = INCLUDE_SOURCE;
				MTL_FAST_MATH = YES;
				ONLY_ACTIVE_ARCH = YES;
				SDKROOT = iphoneos;
				SWIFT_ACTIVE_COMPILATION_CONDITIONS = "DEBUG $(inherited)";
				SWIFT_OPTIMIZATION_LEVEL = "-Onone";
			};
			name = Debug;
		};
		355F06A42F73DE2600050A1E /* Release */ = {
			isa = XCBuildConfiguration;
			buildSettings = {
				ALWAYS_SEARCH_USER_PATHS = NO;
				ASSETCATALOG_COMPILER_GENERATE_SWIFT_ASSET_SYMBOL_EXTENSIONS = YES;
				CLANG_ANALYZER_NONNULL = YES;
				CLANG_ANALYZER_NUMBER_OBJECT_CONVERSION = YES_AGGRESSIVE;
				CLANG_CXX_LANGUAGE_STANDARD = "gnu++20";
				CLANG_ENABLE_MODULES = YES;
				CLANG_ENABLE_OBJC_ARC = YES;
				CLANG_ENABLE_OBJC_WEAK = YES;
				CLANG_WARN_BLOCK_CAPTURE_AUTORELEASING = YES;
				CLANG_WARN_BOOL_CONVERSION = YES;
				CLANG_WARN_COMMA = YES;
				CLANG_WARN_CONSTANT_CONVERSION = YES;
				CLANG_WARN_DEPRECATED_OBJC_IMPLEMENTATIONS = YES;
				CLANG_WARN_DIRECT_OBJC_ISA_USAGE = YES_ERROR;
				CLANG_WARN_DOCUMENTATION_COMMENTS = YES;
				CLANG_WARN_EMPTY_BODY = YES;
				CLANG_WARN_ENUM_CONVERSION = YES;
				CLANG_WARN_INFINITE_RECURSION = YES;
				CLANG_WARN_INT_CONVERSION = YES;
				CLANG_WARN_NON_LITERAL_NULL_CONVERSION = YES;
				CLANG_WARN_OBJC_IMPLICIT_RETAIN_SELF = YES;
				CLANG_WARN_OBJC_LITERAL_CONVERSION = YES;
				CLANG_WARN_OBJC_ROOT_CLASS = YES_ERROR;
				CLANG_WARN_QUOTED_INCLUDE_IN_FRAMEWORK_HEADER = YES;
				CLANG_WARN_RANGE_LOOP_ANALYSIS = YES;
				CLANG_WARN_STRICT_PROTOTYPES = YES;
				CLANG_WARN_SUSPICIOUS_MOVE = YES;
				CLANG_WARN_UNGUARDED_AVAILABILITY = YES_AGGRESSIVE;
				CLANG_WARN_UNREACHABLE_CODE = YES;
				CLANG_WARN__DUPLICATE_METHOD_MATCH = YES;
				COPY_PHASE_STRIP = NO;
				DEBUG_INFORMATION_FORMAT = "dwarf-with-dsym";
				DEVELOPMENT_TEAM = NM9R56YKJ6;
				ENABLE_NS_ASSERTIONS = NO;
				ENABLE_STRICT_OBJC_MSGSEND = YES;
				ENABLE_USER_SCRIPT_SANDBOXING = YES;
				GCC_C_LANGUAGE_STANDARD = gnu17;
				GCC_NO_COMMON_BLOCKS = YES;
				GCC_WARN_64_TO_32_BIT_CONVERSION = YES;
				GCC_WARN_ABOUT_RETURN_TYPE = YES_ERROR;
				GCC_WARN_UNDECLARED_SELECTOR = YES;
				GCC_WARN_UNINITIALIZED_AUTOS = YES_AGGRESSIVE;
				GCC_WARN_UNUSED_FUNCTION = YES;
				GCC_WARN_UNUSED_VARIABLE = YES;
				IPHONEOS_DEPLOYMENT_TARGET = 18.5;
				LOCALIZATION_PREFERS_STRING_CATALOGS = YES;
				MTL_ENABLE_DEBUG_INFO = NO;
				MTL_FAST_MATH = YES;
				SDKROOT = iphoneos;
				SWIFT_COMPILATION_MODE = wholemodule;
				VALIDATE_PRODUCT = YES;
			};
			name = Release;
		};
		355F06A62F73DE2600050A1E /* Debug */ = {
			isa = XCBuildConfiguration;
			buildSettings = {
				BUNDLE_LOADER = "$(TEST_HOST)";
				CODE_SIGN_STYLE = Automatic;
				CURRENT_PROJECT_VERSION = 1;
				DEVELOPMENT_TEAM = NM9R56YKJ6;
				GENERATE_INFOPLIST_FILE = YES;
				IPHONEOS_DEPLOYMENT_TARGET = 18.5;
				MARKETING_VERSION = 1.0;
				PRODUCT_BUNDLE_IDENTIFIER = name.dmitry.GalleryAppTests;
				PRODUCT_NAME = "$(TARGET_NAME)";
				SWIFT_EMIT_LOC_STRINGS = NO;
				SWIFT_VERSION = 5.0;
				TARGETED_DEVICE_FAMILY = "1,2";
				TEST_HOST = "$(BUILT_PRODUCTS_DIR)/GalleryApp.app/$(BUNDLE_EXECUTABLE_FOLDER_PATH)/GalleryApp";
			};
			name = Debug;
		};
		355F06A72F73DE2600050A1E /* Release */ = {
			isa = XCBuildConfiguration;
			buildSettings = {
				BUNDLE_LOADER = "$(TEST_HOST)";
				CODE_SIGN_STYLE = Automatic;
				CURRENT_PROJECT_VERSION = 1;
				DEVELOPMENT_TEAM = NM9R56YKJ6;
				GENERATE_INFOPLIST_FILE = YES;
				IPHONEOS_DEPLOYMENT_TARGET = 18.5;
				MARKETING_VERSION = 1.0;
				PRODUCT_BUNDLE_IDENTIFIER = name.dmitry.GalleryAppTests;
				PRODUCT_NAME = "$(TARGET_NAME)";
				SWIFT_EMIT_LOC_STRINGS = NO;
				SWIFT_VERSION = 5.0;
				TARGETED_DEVICE_FAMILY = "1,2";
				TEST_HOST = "$(BUILT_PRODUCTS_DIR)/GalleryApp.app/$(BUNDLE_EXECUTABLE_FOLDER_PATH)/GalleryApp";
			};
			name = Release;
		};
		355F06A92F73DE2600050A1E /* Debug */ = {
			isa = XCBuildConfiguration;
			buildSettings = {
				CODE_SIGN_STYLE = Automatic;
				CURRENT_PROJECT_VERSION = 1;
				DEVELOPMENT_TEAM = NM9R56YKJ6;
				GENERATE_INFOPLIST_FILE = YES;
				MARKETING_VERSION = 1.0;
				PRODUCT_BUNDLE_IDENTIFIER = name.dmitry.GalleryAppUITests;
				PRODUCT_NAME = "$(TARGET_NAME)";
				SWIFT_EMIT_LOC_STRINGS = NO;
				SWIFT_VERSION = 5.0;
				TARGETED_DEVICE_FAMILY = "1,2";
				TEST_TARGET_NAME = GalleryApp;
			};
			name = Debug;
		};
		355F06AA2F73DE2600050A1E /* Release */ = {
			isa = XCBuildConfiguration;
			buildSettings = {
				CODE_SIGN_STYLE = Automatic;
				CURRENT_PROJECT_VERSION = 1;
				DEVELOPMENT_TEAM = NM9R56YKJ6;
				GENERATE_INFOPLIST_FILE = YES;
				MARKETING_VERSION = 1.0;
				PRODUCT_BUNDLE_IDENTIFIER = name.dmitry.GalleryAppUITests;
				PRODUCT_NAME = "$(TARGET_NAME)";
				SWIFT_EMIT_LOC_STRINGS = NO;
				SWIFT_VERSION = 5.0;
				TARGETED_DEVICE_FAMILY = "1,2";
				TEST_TARGET_NAME = GalleryApp;
			};
			name = Release;
		};
		355F07852F753BDF00050A1E /* Debug */ = {
			isa = XCBuildConfiguration;
			buildSettings = {
				BUNDLE_LOADER = "$(TEST_HOST)";
				CODE_SIGN_STYLE = Automatic;
				CURRENT_PROJECT_VERSION = 1;
				DEVELOPMENT_TEAM = NM9R56YKJ6;
				GENERATE_INFOPLIST_FILE = YES;
				MARKETING_VERSION = 1.0;
				PRODUCT_BUNDLE_IDENTIFIER = name.dmitry.WeatherAppTests;
				PRODUCT_NAME = "$(TARGET_NAME)";
				SWIFT_EMIT_LOC_STRINGS = NO;
				SWIFT_VERSION = 5.0;
				TARGETED_DEVICE_FAMILY = "1,2";
				TEST_HOST = "$(BUILT_PRODUCTS_DIR)/GalleryApp.app/$(BUNDLE_EXECUTABLE_FOLDER_PATH)/GalleryApp";
			};
			name = Debug;
		};
		355F07862F753BDF00050A1E /* Release */ = {
			isa = XCBuildConfiguration;
			buildSettings = {
				BUNDLE_LOADER = "$(TEST_HOST)";
				CODE_SIGN_STYLE = Automatic;
				CURRENT_PROJECT_VERSION = 1;
				DEVELOPMENT_TEAM = NM9R56YKJ6;
				GENERATE_INFOPLIST_FILE = YES;
				MARKETING_VERSION = 1.0;
				PRODUCT_BUNDLE_IDENTIFIER = name.dmitry.WeatherAppTests;
				PRODUCT_NAME = "$(TARGET_NAME)";
				SWIFT_EMIT_LOC_STRINGS = NO;
				SWIFT_VERSION = 5.0;
				TARGETED_DEVICE_FAMILY = "1,2";
				TEST_HOST = "$(BUILT_PRODUCTS_DIR)/GalleryApp.app/$(BUNDLE_EXECUTABLE_FOLDER_PATH)/GalleryApp";
			};
			name = Release;
		};
		355F07922F753D7600050A1E /* Debug */ = {
			isa = XCBuildConfiguration;
			buildSettings = {
				BUNDLE_LOADER = "$(TEST_HOST)";
				CODE_SIGN_STYLE = Automatic;
				CURRENT_PROJECT_VERSION = 1;
				DEVELOPMENT_TEAM = NM9R56YKJ6;
				GENERATE_INFOPLIST_FILE = YES;
				MARKETING_VERSION = 1.0;
				PRODUCT_BUNDLE_IDENTIFIER = name.dmitry.GalleryAppTest;
				PRODUCT_NAME = "$(TARGET_NAME)";
				SWIFT_EMIT_LOC_STRINGS = NO;
				SWIFT_VERSION = 5.0;
				TARGETED_DEVICE_FAMILY = "1,2";
				TEST_HOST = "$(BUILT_PRODUCTS_DIR)/GalleryApp.app/$(BUNDLE_EXECUTABLE_FOLDER_PATH)/GalleryApp";
			};
			name = Debug;
		};
		355F07932F753D7600050A1E /* Release */ = {
			isa = XCBuildConfiguration;
			buildSettings = {
				BUNDLE_LOADER = "$(TEST_HOST)";
				CODE_SIGN_STYLE = Automatic;
				CURRENT_PROJECT_VERSION = 1;
				DEVELOPMENT_TEAM = NM9R56YKJ6;
				GENERATE_INFOPLIST_FILE = YES;
				MARKETING_VERSION = 1.0;
				PRODUCT_BUNDLE_IDENTIFIER = name.dmitry.GalleryAppTest;
				PRODUCT_NAME = "$(TARGET_NAME)";
				SWIFT_EMIT_LOC_STRINGS = NO;
				SWIFT_VERSION = 5.0;
				TARGETED_DEVICE_FAMILY = "1,2";
				TEST_HOST = "$(BUILT_PRODUCTS_DIR)/GalleryApp.app/$(BUNDLE_EXECUTABLE_FOLDER_PATH)/GalleryApp";
			};
			name = Release;
		};
/* End XCBuildConfiguration section */

/* Begin XCConfigurationList section */
		355F06722F73DE2400050A1E /* Build configuration list for PBXProject "GalleryApp" */ = {
			isa = XCConfigurationList;
			buildConfigurations = (
				355F06A32F73DE2600050A1E /* Debug */,
				355F06A42F73DE2600050A1E /* Release */,
			);
			defaultConfigurationIsVisible = 0;
			defaultConfigurationName = Release;
		};
		355F06A02F73DE2600050A1E /* Build configuration list for PBXNativeTarget "GalleryApp" */ = {
			isa = XCConfigurationList;
			buildConfigurations = (
				355F06A12F73DE2600050A1E /* Debug */,
				355F06A22F73DE2600050A1E /* Release */,
			);
			defaultConfigurationIsVisible = 0;
			defaultConfigurationName = Release;
		};
		355F06A52F73DE2600050A1E /* Build configuration list for PBXNativeTarget "GalleryAppTests" */ = {
			isa = XCConfigurationList;
			buildConfigurations = (
				355F06A62F73DE2600050A1E /* Debug */,
				355F06A72F73DE2600050A1E /* Release */,
			);
			defaultConfigurationIsVisible = 0;
			defaultConfigurationName = Release;
		};
		355F06A82F73DE2600050A1E /* Build configuration list for PBXNativeTarget "GalleryAppUITests" */ = {
			isa = XCConfigurationList;
			buildConfigurations = (
				355F06A92F73DE2600050A1E /* Debug */,
				355F06AA2F73DE2600050A1E /* Release */,
			);
			defaultConfigurationIsVisible = 0;
			defaultConfigurationName = Release;
		};
		355F07842F753BDF00050A1E /* Build configuration list for PBXNativeTarget "WeatherAppTests" */ = {
			isa = XCConfigurationList;
			buildConfigurations = (
				355F07852F753BDF00050A1E /* Debug */,
				355F07862F753BDF00050A1E /* Release */,
			);
			defaultConfigurationIsVisible = 0;
			defaultConfigurationName = Release;
		};
		355F07912F753D7600050A1E /* Build configuration list for PBXNativeTarget "GalleryAppTest" */ = {
			isa = XCConfigurationList;
			buildConfigurations = (
				355F07922F753D7600050A1E /* Debug */,
				355F07932F753D7600050A1E /* Release */,
			);
			defaultConfigurationIsVisible = 0;
			defaultConfigurationName = Release;
		};
/* End XCConfigurationList section */

/* Begin XCRemoteSwiftPackageReference section */
		354DD7FF2F7BCD78002329C8 /* XCRemoteSwiftPackageReference "Kingfisher" */ = {
			isa = XCRemoteSwiftPackageReference;
			repositoryURL = "https://github.com/onevcat/Kingfisher";
			requirement = {
				kind = upToNextMajorVersion;
				minimumVersion = 8.8.0;
			};
		};
		355F07102F74267E00050A1E /* XCRemoteSwiftPackageReference "SwiftLint" */ = {
			isa = XCRemoteSwiftPackageReference;
			repositoryURL = "https://github.com/realm/SwiftLint.git";
			requirement = {
				kind = upToNextMajorVersion;
				minimumVersion = 0.63.2;
			};
		};
/* End XCRemoteSwiftPackageReference section */

/* Begin XCSwiftPackageProductDependency section */
		354DD8002F7BCD78002329C8 /* Kingfisher */ = {
			isa = XCSwiftPackageProductDependency;
			package = 354DD7FF2F7BCD78002329C8 /* XCRemoteSwiftPackageReference "Kingfisher" */;
			productName = Kingfisher;
		};
/* End XCSwiftPackageProductDependency section */

/* Begin XCVersionGroup section */
		354DD88D2F7E8AA4002329C8 /* GalleryDataModel.xcdatamodeld */ = {
			isa = XCVersionGroup;
			children = (
				354DD88E2F7E8AA4002329C8 /* GalleryDataModel.xcdatamodel */,
			);
			currentVersion = 354DD88E2F7E8AA4002329C8 /* GalleryDataModel.xcdatamodel */;
			path = GalleryDataModel.xcdatamodeld;
			sourceTree = "<group>";
			versionGroupType = wrapper.xcdatamodel;
		};
/* End XCVersionGroup section */
	};
	rootObject = 355F066F2F73DE2400050A1E /* Project object */;
}
